github.com/google/go-cmp v0.5.2/go.mod h1:v8dTdLbMG2kIc/vJvl+f65V22dbkXbowE6jgT/gNBxE=
github.com/google/go-querystring v1.1.0 h1:AnCroh3fv4ZBgVIf1Iwtovgjaw/GiKJo8M8yD/fhyJ8=
github.com/google/go-querystring v1.1.0/go.mod h1:Kcdr2DB4koayq7X8pmAG4sNG59So17icRSOU623lUBU=
github.com/uzziahlin/transport v0.0.0-20230319153531-9c694b016afd h1:7fJIU7e8EUMYsvSAPFx28QKQXHFt/K9Xu6VTAB4X7g8=
github.com/uzziahlin/transport v0.0.0-20230319153531-9c694b016afd/go.mod h1:qrAyHCMa6/szolLDSDp0Gn+YNgtbhProkMPE2wNJot4=
golang.org/x/xerrors v0.0.0-20191204190536-9bdfabe68543/go.mod h1:I/5z698sn9Ka8TeJc9MKroUUfqBBauWjQqLJ2OPfmY0=
